
Microsoft Visual Studio Solution File, Format Version 12.00
# Visual Studio Version 17
VisualStudioVersion = 17.3.32825.248
MinimumVisualStudioVersion = 10.0.40219.1
Project("{9A19103F-16F7-4668-BE54-9A1E7A4F7556}") = "Práctica Git", "Práctica Git\Práctica Git.csproj", "{AC4F91FB-F50F-40EE-8429-3141DD1094B1}"
EndProject
Global
	GlobalSection(SolutionConfigurationPlatforms) = preSolution
		Debug|Any CPU = Debug|Any CPU
		Release|Any CPU = Release|Any CPU
	EndGlobalSection
	GlobalSection(ProjectConfigurationPlatforms) = postSolution
		{AC4F91FB-F50F-40EE-8429-3141DD1094B1}.Debug|Any CPU.ActiveCfg = Debug|Any CPU
		{AC4F91FB-F50F-40EE-8429-3141DD1094B1}.Debug|Any CPU.Build.0 = Debug|Any CPU
		{AC4F91FB-F50F-40EE-8429-3141DD1094B1}.Release|Any CPU.ActiveCfg = Release|Any CPU
		{AC4F91FB-F50F-40EE-8429-3141DD1094B1}.Release|Any CPU.Build.0 = Release|Any CPU
	EndGlobalSection
	GlobalSection(SolutionProperties) = preSolution
		HideSolutionNode = FALSE
	EndGlobalSection
	GlobalSection(ExtensibilityGlobals) = postSolution
		SolutionGuid = {916255F0-11D7-4CA5-A45C-05242A5B1BBD}
	EndGlobalSection
EndGlobal
